
Microsoft Visual Studio Solution File, Format Version 12.00
# Visual Studio Version 16
VisualStudioVersion = 25.0.1706.6
MinimumVisualStudioVersion = 10.0.40219.1
Project("{FAE04EC0-301F-11D3-BF4B-00C04F79EFBC}") = "1.3", "1.3\1.3.csproj", "{FA9F7968-96CE-453A-BD66-90915950C5A1}"
EndProject
Project("{2150E333-8FDC-42A3-9474-1A3956D46DE8}") = "Элементы решения", "Элементы решения", "{0B3BF970-0269-41F7-AF8C-FB6F1709B964}"
	ProjectSection(SolutionItems) = preProject
		.editorconfig = .editorconfig
	EndProjectSection
EndProject
Global
	GlobalSection(SolutionConfigurationPlatforms) = preSolution
		Debug|Any CPU = Debug|Any CPU
		Release|Any CPU = Release|Any CPU
	EndGlobalSection
	GlobalSection(ProjectConfigurationPlatforms) = postSolution
		{FA9F7968-96CE-453A-BD66-90915950C5A1}.Debug|Any CPU.ActiveCfg = Debug|Any CPU
		{FA9F7968-96CE-453A-BD66-90915950C5A1}.Debug|Any CPU.Build.0 = Debug|Any CPU
		{FA9F7968-96CE-453A-BD66-90915950C5A1}.Release|Any CPU.ActiveCfg = Release|Any CPU
		{FA9F7968-96CE-453A-BD66-90915950C5A1}.Release|Any CPU.Build.0 = Release|Any CPU
	EndGlobalSection
	GlobalSection(SolutionProperties) = preSolution
		HideSolutionNode = FALSE
	EndGlobalSection
	GlobalSection(ExtensibilityGlobals) = postSolution
		SolutionGuid = {4D2371A0-628B-45A4-AAF9-239AF7529CF9}
	EndGlobalSection
EndGlobal
