
Microsoft Visual Studio Solution File, Format Version 12.00
# Visual Studio Version 16
VisualStudioVersion = 25.0.1706.6
MinimumVisualStudioVersion = 10.0.40219.1
Project("{FAE04EC0-301F-11D3-BF4B-00C04F79EFBC}") = "1.4", "1.4\1.4.csproj", "{B4740C2E-B199-4563-B8C8-859FF87D2596}"
EndProject
Global
	GlobalSection(SolutionConfigurationPlatforms) = preSolution
		Debug|Any CPU = Debug|Any CPU
		Release|Any CPU = Release|Any CPU
	EndGlobalSection
	GlobalSection(ProjectConfigurationPlatforms) = postSolution
		{B4740C2E-B199-4563-B8C8-859FF87D2596}.Debug|Any CPU.ActiveCfg = Debug|Any CPU
		{B4740C2E-B199-4563-B8C8-859FF87D2596}.Debug|Any CPU.Build.0 = Debug|Any CPU
		{B4740C2E-B199-4563-B8C8-859FF87D2596}.Release|Any CPU.ActiveCfg = Release|Any CPU
		{B4740C2E-B199-4563-B8C8-859FF87D2596}.Release|Any CPU.Build.0 = Release|Any CPU
	EndGlobalSection
	GlobalSection(SolutionProperties) = preSolution
		HideSolutionNode = FALSE
	EndGlobalSection
	GlobalSection(ExtensibilityGlobals) = postSolution
		SolutionGuid = {6FF53FC6-6C84-41F1-AD93-9E83219F8AC7}
	EndGlobalSection
EndGlobal
